
Microsoft Visual Studio Solution File, Format Version 12.00
# Visual Studio Version 16
VisualStudioVersion = 16.0.31624.102
MinimumVisualStudioVersion = 10.0.40219.1
Project("{FAE04EC0-301F-11D3-BF4B-00C04F79EFBC}") = "FunnySortingAlgos", "FunnySortingAlgos\FunnySortingAlgos.csproj", "{46BB7355-3BE5-4DBF-9C16-F143CF9FF968}"
EndProject
Global
	GlobalSection(SolutionConfigurationPlatforms) = preSolution
		Debug|Any CPU = Debug|Any CPU
		Release|Any CPU = Release|Any CPU
	EndGlobalSection
	GlobalSection(ProjectConfigurationPlatforms) = postSolution
		{46BB7355-3BE5-4DBF-9C16-F143CF9FF968}.Debug|Any CPU.ActiveCfg = Debug|Any CPU
		{46BB7355-3BE5-4DBF-9C16-F143CF9FF968}.Debug|Any CPU.Build.0 = Debug|Any CPU
		{46BB7355-3BE5-4DBF-9C16-F143CF9FF968}.Release|Any CPU.ActiveCfg = Release|Any CPU
		{46BB7355-3BE5-4DBF-9C16-F143CF9FF968}.Release|Any CPU.Build.0 = Release|Any CPU
	EndGlobalSection
	GlobalSection(SolutionProperties) = preSolution
		HideSolutionNode = FALSE
	EndGlobalSection
	GlobalSection(ExtensibilityGlobals) = postSolution
		SolutionGuid = {F0478429-8280-40CC-8144-CE64AF4D4527}
	EndGlobalSection
EndGlobal
